
Microsoft Visual Studio Solution File, Format Version 10.00
# Visual Studio 2008
Project("{FAE04EC0-301F-11D3-BF4B-00C04F79EFBC}") = "NCoverDora", "NCoverDora\NCoverDora.csproj", "{763C49C9-8626-40A6-B054-6AB3CF9CD0BD}"
EndProject
Project("{FAE04EC0-301F-11D3-BF4B-00C04F79EFBC}") = "NCoverDoraTests", "NCoverDoraTests\NCoverDoraTests.csproj", "{5F384034-4B90-4D4C-8731-C9371CE1DF75}"
EndProject
Global
	GlobalSection(SolutionConfigurationPlatforms) = preSolution
		Debug|Any CPU = Debug|Any CPU
		Release|Any CPU = Release|Any CPU
	EndGlobalSection
	GlobalSection(ProjectConfigurationPlatforms) = postSolution
		{763C49C9-8626-40A6-B054-6AB3CF9CD0BD}.Debug|Any CPU.ActiveCfg = Debug|Any CPU
		{763C49C9-8626-40A6-B054-6AB3CF9CD0BD}.Debug|Any CPU.Build.0 = Debug|Any CPU
		{763C49C9-8626-40A6-B054-6AB3CF9CD0BD}.Release|Any CPU.ActiveCfg = Release|Any CPU
		{763C49C9-8626-40A6-B054-6AB3CF9CD0BD}.Release|Any CPU.Build.0 = Release|Any CPU
		{5F384034-4B90-4D4C-8731-C9371CE1DF75}.Debug|Any CPU.ActiveCfg = Debug|Any CPU
		{5F384034-4B90-4D4C-8731-C9371CE1DF75}.Debug|Any CPU.Build.0 = Debug|Any CPU
		{5F384034-4B90-4D4C-8731-C9371CE1DF75}.Release|Any CPU.ActiveCfg = Release|Any CPU
		{5F384034-4B90-4D4C-8731-C9371CE1DF75}.Release|Any CPU.Build.0 = Release|Any CPU
	EndGlobalSection
	GlobalSection(SolutionProperties) = preSolution
		HideSolutionNode = FALSE
	EndGlobalSection
EndGlobal
